
Microsoft Visual Studio Solution File, Format Version 12.00
# Visual Studio 15
Project("{FAE04EC0-301F-11D3-BF4B-00C04F79EFBC}") = "PhotonAvatars", "Assembly-CSharp.csproj", "{00AEA409-49C4-2ADE-FA47-202167C13E80}"
EndProject
Project("{FAE04EC0-301F-11D3-BF4B-00C04F79EFBC}") = "PhotonAvatars", "Assembly-CSharp-firstpass.csproj", "{28CCAFBE-05CF-6819-5FE5-CD5E2B617747}"
EndProject
Project("{FAE04EC0-301F-11D3-BF4B-00C04F79EFBC}") = "PhotonAvatars", "Assembly-CSharp-Editor.csproj", "{8C72447C-DAD4-9127-AFFE-820D829BAADF}"
EndProject
Global
	GlobalSection(SolutionConfigurationPlatforms) = preSolution
		Debug|Any CPU = Debug|Any CPU
		Release|Any CPU = Release|Any CPU
	EndGlobalSection
	GlobalSection(ProjectConfigurationPlatforms) = postSolution
		{00AEA409-49C4-2ADE-FA47-202167C13E80}.Debug|Any CPU.ActiveCfg = Debug|Any CPU
		{00AEA409-49C4-2ADE-FA47-202167C13E80}.Debug|Any CPU.Build.0 = Debug|Any CPU
		{00AEA409-49C4-2ADE-FA47-202167C13E80}.Release|Any CPU.ActiveCfg = Release|Any CPU
		{00AEA409-49C4-2ADE-FA47-202167C13E80}.Release|Any CPU.Build.0 = Release|Any CPU
		{28CCAFBE-05CF-6819-5FE5-CD5E2B617747}.Debug|Any CPU.ActiveCfg = Debug|Any CPU
		{28CCAFBE-05CF-6819-5FE5-CD5E2B617747}.Debug|Any CPU.Build.0 = Debug|Any CPU
		{28CCAFBE-05CF-6819-5FE5-CD5E2B617747}.Release|Any CPU.ActiveCfg = Release|Any CPU
		{28CCAFBE-05CF-6819-5FE5-CD5E2B617747}.Release|Any CPU.Build.0 = Release|Any CPU
		{8C72447C-DAD4-9127-AFFE-820D829BAADF}.Debug|Any CPU.ActiveCfg = Debug|Any CPU
		{8C72447C-DAD4-9127-AFFE-820D829BAADF}.Debug|Any CPU.Build.0 = Debug|Any CPU
		{8C72447C-DAD4-9127-AFFE-820D829BAADF}.Release|Any CPU.ActiveCfg = Release|Any CPU
		{8C72447C-DAD4-9127-AFFE-820D829BAADF}.Release|Any CPU.Build.0 = Release|Any CPU
	EndGlobalSection
	GlobalSection(SolutionProperties) = preSolution
		HideSolutionNode = FALSE
	EndGlobalSection
EndGlobal
